
Microsoft Visual Studio Solution File, Format Version 12.00
# Visual Studio Version 17
VisualStudioVersion = 17.5.2.0
MinimumVisualStudioVersion = 10.0.40219.1
Project("{FAE04EC0-301F-11D3-BF4B-00C04F79EFBC}") = "Wjt.CinemaWorld", "Wjt.CinemaWorld\Wjt.CinemaWorld.csproj", "{57244298-1365-42A9-8AEF-999B5A742E6D}"
EndProject
Project("{FAE04EC0-301F-11D3-BF4B-00C04F79EFBC}") = "Wjt.Api", "Wjt.Api\Wjt.Api.csproj", "{663B968D-64C4-410E-814E-8ED52FC45C73}"
EndProject
Project("{FAE04EC0-301F-11D3-BF4B-00C04F79EFBC}") = "Wjt.FilmWorld", "Wjt.FilmWorld\Wjt.FilmWorld.csproj", "{3041B7A8-8C47-4C15-9BD5-220F422B0ED9}"
EndProject
Project("{2150E333-8FDC-42A3-9474-1A3956D46DE8}") = "Tests", "Tests", "{0AB3BF05-4346-4AA6-1389-037BE0695223}"
EndProject
Project("{FAE04EC0-301F-11D3-BF4B-00C04F79EFBC}") = "Wjt.Test.CinemaWorld", "Wjt.Test.CinemaWorld\Wjt.Test.CinemaWorld.csproj", "{A8C31DE6-6941-4629-A679-E30CED64A116}"
EndProject
Global
	GlobalSection(SolutionConfigurationPlatforms) = preSolution
		Debug|Any CPU = Debug|Any CPU
		Release|Any CPU = Release|Any CPU
	EndGlobalSection
	GlobalSection(ProjectConfigurationPlatforms) = postSolution
		{57244298-1365-42A9-8AEF-999B5A742E6D}.Debug|Any CPU.ActiveCfg = Debug|Any CPU
		{57244298-1365-42A9-8AEF-999B5A742E6D}.Debug|Any CPU.Build.0 = Debug|Any CPU
		{57244298-1365-42A9-8AEF-999B5A742E6D}.Release|Any CPU.ActiveCfg = Release|Any CPU
		{57244298-1365-42A9-8AEF-999B5A742E6D}.Release|Any CPU.Build.0 = Release|Any CPU
		{663B968D-64C4-410E-814E-8ED52FC45C73}.Debug|Any CPU.ActiveCfg = Debug|Any CPU
		{663B968D-64C4-410E-814E-8ED52FC45C73}.Debug|Any CPU.Build.0 = Debug|Any CPU
		{663B968D-64C4-410E-814E-8ED52FC45C73}.Release|Any CPU.ActiveCfg = Release|Any CPU
		{663B968D-64C4-410E-814E-8ED52FC45C73}.Release|Any CPU.Build.0 = Release|Any CPU
		{3041B7A8-8C47-4C15-9BD5-220F422B0ED9}.Debug|Any CPU.ActiveCfg = Debug|Any CPU
		{3041B7A8-8C47-4C15-9BD5-220F422B0ED9}.Debug|Any CPU.Build.0 = Debug|Any CPU
		{3041B7A8-8C47-4C15-9BD5-220F422B0ED9}.Release|Any CPU.ActiveCfg = Release|Any CPU
		{3041B7A8-8C47-4C15-9BD5-220F422B0ED9}.Release|Any CPU.Build.0 = Release|Any CPU
		{A8C31DE6-6941-4629-A679-E30CED64A116}.Debug|Any CPU.ActiveCfg = Debug|Any CPU
		{A8C31DE6-6941-4629-A679-E30CED64A116}.Debug|Any CPU.Build.0 = Debug|Any CPU
		{A8C31DE6-6941-4629-A679-E30CED64A116}.Release|Any CPU.ActiveCfg = Release|Any CPU
		{A8C31DE6-6941-4629-A679-E30CED64A116}.Release|Any CPU.Build.0 = Release|Any CPU
	EndGlobalSection
	GlobalSection(SolutionProperties) = preSolution
		HideSolutionNode = FALSE
	EndGlobalSection
	GlobalSection(ExtensibilityGlobals) = postSolution
		SolutionGuid = {B8D45FED-D824-434C-B721-75F352FB64BF}
	EndGlobalSection
	GlobalSection(NestedProjects) = preSolution
		{A8C31DE6-6941-4629-A679-E30CED64A116} = {0AB3BF05-4346-4AA6-1389-037BE0695223}
	EndGlobalSection
EndGlobal
